
Microsoft Visual Studio Solution File, Format Version 12.00
# Visual Studio Version 17
VisualStudioVersion = 17.6.33829.357
MinimumVisualStudioVersion = 10.0.40219.1
Project("{9A19103F-16F7-4668-BE54-9A1E7A4F7556}") = "t02_01_Generics", "t02_01_Generics\t02_01_Generics.csproj", "{3D6FEE1E-CCBF-4DD3-85F6-BA3615F3EBF5}"
EndProject
Project("{9A19103F-16F7-4668-BE54-9A1E7A4F7556}") = "t02_02_Delegates", "t02_02_Delegates\t02_02_Delegates.csproj", "{0769AC65-DC31-4512-8553-8CB79250EB17}"
EndProject
Project("{9A19103F-16F7-4668-BE54-9A1E7A4F7556}") = "t02_03_LambdaExpressions", "t02_03_LambdaExpressions\t02_03_LambdaExpressions.csproj", "{752003C1-75C5-45DF-AC35-0D497574DF6E}"
EndProject
Project("{9A19103F-16F7-4668-BE54-9A1E7A4F7556}") = "t02_04_EventsAndDelegates", "t02_04_EventsAndDelegates\t02_04_EventsAndDelegates.csproj", "{D94E536D-F76D-4DA7-B4AE-2D455A678DE1}"
EndProject
Project("{9A19103F-16F7-4668-BE54-9A1E7A4F7556}") = "t02_05_ExtensionMethods", "t02_05_ExtensionMethods\t02_05_ExtensionMethods.csproj", "{075A5448-E14A-4347-95F9-CF718BED6F4D}"
EndProject
Project("{FAE04EC0-301F-11D3-BF4B-00C04F79EFBC}") = "t02_06_Linq", "t02_06_Linq\t02_06_Linq.csproj", "{C156F519-3DE8-43C4-9665-1CBE0CB7870F}"
EndProject
Project("{FAE04EC0-301F-11D3-BF4B-00C04F79EFBC}") = "t02_07_NullableTypes", "t02_07_NullableTypes\t02_07_NullableTypes.csproj", "{68EC6E1C-D23E-479B-ABA5-525FD67C5D37}"
EndProject
Global
	GlobalSection(SolutionConfigurationPlatforms) = preSolution
		Debug|Any CPU = Debug|Any CPU
		Release|Any CPU = Release|Any CPU
	EndGlobalSection
	GlobalSection(ProjectConfigurationPlatforms) = postSolution
		{3D6FEE1E-CCBF-4DD3-85F6-BA3615F3EBF5}.Debug|Any CPU.ActiveCfg = Debug|Any CPU
		{3D6FEE1E-CCBF-4DD3-85F6-BA3615F3EBF5}.Debug|Any CPU.Build.0 = Debug|Any CPU
		{3D6FEE1E-CCBF-4DD3-85F6-BA3615F3EBF5}.Release|Any CPU.ActiveCfg = Release|Any CPU
		{3D6FEE1E-CCBF-4DD3-85F6-BA3615F3EBF5}.Release|Any CPU.Build.0 = Release|Any CPU
		{0769AC65-DC31-4512-8553-8CB79250EB17}.Debug|Any CPU.ActiveCfg = Debug|Any CPU
		{0769AC65-DC31-4512-8553-8CB79250EB17}.Debug|Any CPU.Build.0 = Debug|Any CPU
		{0769AC65-DC31-4512-8553-8CB79250EB17}.Release|Any CPU.ActiveCfg = Release|Any CPU
		{0769AC65-DC31-4512-8553-8CB79250EB17}.Release|Any CPU.Build.0 = Release|Any CPU
		{752003C1-75C5-45DF-AC35-0D497574DF6E}.Debug|Any CPU.ActiveCfg = Debug|Any CPU
		{752003C1-75C5-45DF-AC35-0D497574DF6E}.Debug|Any CPU.Build.0 = Debug|Any CPU
		{752003C1-75C5-45DF-AC35-0D497574DF6E}.Release|Any CPU.ActiveCfg = Release|Any CPU
		{752003C1-75C5-45DF-AC35-0D497574DF6E}.Release|Any CPU.Build.0 = Release|Any CPU
		{D94E536D-F76D-4DA7-B4AE-2D455A678DE1}.Debug|Any CPU.ActiveCfg = Debug|Any CPU
		{D94E536D-F76D-4DA7-B4AE-2D455A678DE1}.Debug|Any CPU.Build.0 = Debug|Any CPU
		{D94E536D-F76D-4DA7-B4AE-2D455A678DE1}.Release|Any CPU.ActiveCfg = Release|Any CPU
		{D94E536D-F76D-4DA7-B4AE-2D455A678DE1}.Release|Any CPU.Build.0 = Release|Any CPU
		{075A5448-E14A-4347-95F9-CF718BED6F4D}.Debug|Any CPU.ActiveCfg = Debug|Any CPU
		{075A5448-E14A-4347-95F9-CF718BED6F4D}.Debug|Any CPU.Build.0 = Debug|Any CPU
		{075A5448-E14A-4347-95F9-CF718BED6F4D}.Release|Any CPU.ActiveCfg = Release|Any CPU
		{075A5448-E14A-4347-95F9-CF718BED6F4D}.Release|Any CPU.Build.0 = Release|Any CPU
		{C156F519-3DE8-43C4-9665-1CBE0CB7870F}.Debug|Any CPU.ActiveCfg = Debug|Any CPU
		{C156F519-3DE8-43C4-9665-1CBE0CB7870F}.Debug|Any CPU.Build.0 = Debug|Any CPU
		{C156F519-3DE8-43C4-9665-1CBE0CB7870F}.Release|Any CPU.ActiveCfg = Release|Any CPU
		{C156F519-3DE8-43C4-9665-1CBE0CB7870F}.Release|Any CPU.Build.0 = Release|Any CPU
		{68EC6E1C-D23E-479B-ABA5-525FD67C5D37}.Debug|Any CPU.ActiveCfg = Debug|Any CPU
		{68EC6E1C-D23E-479B-ABA5-525FD67C5D37}.Debug|Any CPU.Build.0 = Debug|Any CPU
		{68EC6E1C-D23E-479B-ABA5-525FD67C5D37}.Release|Any CPU.ActiveCfg = Release|Any CPU
		{68EC6E1C-D23E-479B-ABA5-525FD67C5D37}.Release|Any CPU.Build.0 = Release|Any CPU
	EndGlobalSection
	GlobalSection(SolutionProperties) = preSolution
		HideSolutionNode = FALSE
	EndGlobalSection
	GlobalSection(ExtensibilityGlobals) = postSolution
		SolutionGuid = {CF51901A-6EF3-40B0-ABA6-C047628CB033}
	EndGlobalSection
EndGlobal
